
Microsoft Visual Studio Solution File, Format Version 12.00
# Visual Studio Version 17
VisualStudioVersion = 17.4.33213.308
MinimumVisualStudioVersion = 10.0.40219.1
Project("{FAE04EC0-301F-11D3-BF4B-00C04F79EFBC}") = "CapaPresentacion", "CapaPresentacion\CapaPresentacion.csproj", "{FC9EFB24-497E-4F2A-B09A-02A3649B1883}"
EndProject
Global
	GlobalSection(SolutionConfigurationPlatforms) = preSolution
		Debug|Any CPU = Debug|Any CPU
		Release|Any CPU = Release|Any CPU
	EndGlobalSection
	GlobalSection(ProjectConfigurationPlatforms) = postSolution
		{FC9EFB24-497E-4F2A-B09A-02A3649B1883}.Debug|Any CPU.ActiveCfg = Debug|Any CPU
		{FC9EFB24-497E-4F2A-B09A-02A3649B1883}.Debug|Any CPU.Build.0 = Debug|Any CPU
		{FC9EFB24-497E-4F2A-B09A-02A3649B1883}.Release|Any CPU.ActiveCfg = Release|Any CPU
		{FC9EFB24-497E-4F2A-B09A-02A3649B1883}.Release|Any CPU.Build.0 = Release|Any CPU
	EndGlobalSection
	GlobalSection(SolutionProperties) = preSolution
		HideSolutionNode = FALSE
	EndGlobalSection
	GlobalSection(ExtensibilityGlobals) = postSolution
		SolutionGuid = {F61B701C-1D16-4763-B9D9-C72D15BB8993}
	EndGlobalSection
EndGlobal
